
Microsoft Visual Studio Solution File, Format Version 11.00
# Visual Studio 2010
Project("{FAE04EC0-301F-11D3-BF4B-00C04F79EFBC}") = "Assembly-CSharp", "Assembly-CSharp.csproj", "{7b0c60aa-bd3d-2cd7-70a5-fda2d6be1dd7}"
EndProject
Project("{FAE04EC0-301F-11D3-BF4B-00C04F79EFBC}") = "Assembly-CSharp-Editor", "Assembly-CSharp-Editor.csproj", "{480af3f0-9f83-e7f9-9ca3-33c08421bc22}"
EndProject
Global
	GlobalSection(SolutionConfigurationPlatforms) = preSolution
		Debug|Any CPU = Debug|Any CPU
	EndGlobalSection
	GlobalSection(ProjectConfigurationPlatforms) = postSolution
		{7b0c60aa-bd3d-2cd7-70a5-fda2d6be1dd7}.Debug|Any CPU.ActiveCfg = Debug|Any CPU
		{7b0c60aa-bd3d-2cd7-70a5-fda2d6be1dd7}.Debug|Any CPU.Build.0 = Debug|Any CPU
		{480af3f0-9f83-e7f9-9ca3-33c08421bc22}.Debug|Any CPU.ActiveCfg = Debug|Any CPU
		{480af3f0-9f83-e7f9-9ca3-33c08421bc22}.Debug|Any CPU.Build.0 = Debug|Any CPU
	EndGlobalSection
	GlobalSection(SolutionProperties) = preSolution
		HideSolutionNode = FALSE
	EndGlobalSection
EndGlobal
